// !$*UTF8*$!
{
	archiveVersion = 1;
	classes = {
	};
	objectVersion = 51;
	objects = {

/* Begin PBXBuildFile section */
		5B1F48242424FF8700609939 /* UserProfileHeader.swift in Sources */ = {isa = PBXBuildFile; fileRef = 5B1F48232424FF8700609939 /* UserProfileHeader.swift */; };
		5B5176012405FC26009CDAC2 /* GoogleService-Info.plist in Resources */ = {isa = PBXBuildFile; fileRef = 5B5176002405FC26009CDAC2 /* GoogleService-Info.plist */; };
		5B6A55522401569200A19AD4 /* SignupVC.swift in Sources */ = {isa = PBXBuildFile; fileRef = 5B6A55512401569200A19AD4 /* SignupVC.swift */; };
		5B71D9462400874B00095D31 /* AppDelegate.swift in Sources */ = {isa = PBXBuildFile; fileRef = 5B71D9452400874B00095D31 /* AppDelegate.swift */; };
		5B71D9482400874B00095D31 /* SceneDelegate.swift in Sources */ = {isa = PBXBuildFile; fileRef = 5B71D9472400874B00095D31 /* SceneDelegate.swift */; };
		5B71D94D2400874B00095D31 /* Main.storyboard in Resources */ = {isa = PBXBuildFile; fileRef = 5B71D94B2400874B00095D31 /* Main.storyboard */; };
		5B71D94F2400874C00095D31 /* Assets.xcassets in Resources */ = {isa = PBXBuildFile; fileRef = 5B71D94E2400874C00095D31 /* Assets.xcassets */; };
		5B71D9522400874C00095D31 /* LaunchScreen.storyboard in Resources */ = {isa = PBXBuildFile; fileRef = 5B71D9502400874C00095D31 /* LaunchScreen.storyboard */; };
		5B71D95D24008B1D00095D31 /* LoginVC.swift in Sources */ = {isa = PBXBuildFile; fileRef = 5B71D95C24008B1D00095D31 /* LoginVC.swift */; };
		5B71D960240094EC00095D31 /* Extensions.swift in Sources */ = {isa = PBXBuildFile; fileRef = 5B71D95F240094EC00095D31 /* Extensions.swift */; };
		5B7BA03A242A75AA00F8D7DD /* User.swift in Sources */ = {isa = PBXBuildFile; fileRef = 5B7BA039242A75AA00F8D7DD /* User.swift */; };
		5B7BA03D242A965D00F8D7DD /* SearchTableViewCell.swift in Sources */ = {isa = PBXBuildFile; fileRef = 5B7BA03C242A965D00F8D7DD /* SearchTableViewCell.swift */; };
		5BC93CF62407FBEF00967F73 /* MainTabVC.swift in Sources */ = {isa = PBXBuildFile; fileRef = 5BC93CF52407FBEF00967F73 /* MainTabVC.swift */; };
		5BC93CF82407FC2800967F73 /* FeedVC.swift in Sources */ = {isa = PBXBuildFile; fileRef = 5BC93CF72407FC2800967F73 /* FeedVC.swift */; };
		5BC93CFA2407FC5400967F73 /* SearchVC.swift in Sources */ = {isa = PBXBuildFile; fileRef = 5BC93CF92407FC5400967F73 /* SearchVC.swift */; };
		5BC93CFC2407FC7500967F73 /* UploadPostVC.swift in Sources */ = {isa = PBXBuildFile; fileRef = 5BC93CFB2407FC7500967F73 /* UploadPostVC.swift */; };
		5BC93CFE2407FCC100967F73 /* NotificationVC.swift in Sources */ = {isa = PBXBuildFile; fileRef = 5BC93CFD2407FCC100967F73 /* NotificationVC.swift */; };
		5BC93D002407FCE600967F73 /* UserProfileVC.swift in Sources */ = {isa = PBXBuildFile; fileRef = 5BC93CFF2407FCE600967F73 /* UserProfileVC.swift */; };
		A62B7E045B12AF8416D86596 /* Pods_instagram.framework in Frameworks */ = {isa = PBXBuildFile; fileRef = 480E1573A1AE50303D92E22D /* Pods_instagram.framework */; };
/* End PBXBuildFile section */

/* Begin PBXFileReference section */
		23F3EDB7902110A4B925780B /* Pods-instagram.debug.xcconfig */ = {isa = PBXFileReference; includeInIndex = 1; lastKnownFileType = text.xcconfig; name = "Pods-instagram.debug.xcconfig"; path = "Target Support Files/Pods-instagram/Pods-instagram.debug.xcconfig"; sourceTree = "<group>"; };
		3BA4DFFA5A39A4F4345D83F2 /* Pods-instagram.release.xcconfig */ = {isa = PBXFileReference; includeInIndex = 1; lastKnownFileType = text.xcconfig; name = "Pods-instagram.release.xcconfig"; path = "Target Support Files/Pods-instagram/Pods-instagram.release.xcconfig"; sourceTree = "<group>"; };
		480E1573A1AE50303D92E22D /* Pods_instagram.framework */ = {isa = PBXFileReference; explicitFileType = wrapper.framework; includeInIndex = 0; path = Pods_instagram.framework; sourceTree = BUILT_PRODUCTS_DIR; };
		5B1F48232424FF8700609939 /* UserProfileHeader.swift */ = {isa = PBXFileReference; lastKnownFileType = sourcecode.swift; path = UserProfileHeader.swift; sourceTree = "<group>"; };
		5B5176002405FC26009CDAC2 /* GoogleService-Info.plist */ = {isa = PBXFileReference; fileEncoding = 4; lastKnownFileType = text.plist.xml; path = "GoogleService-Info.plist"; sourceTree = "<group>"; };
		5B6A55512401569200A19AD4 /* SignupVC.swift */ = {isa = PBXFileReference; lastKnownFileType = sourcecode.swift; path = SignupVC.swift; sourceTree = "<group>"; };
		5B71D9422400874B00095D31 /* instagram.app */ = {isa = PBXFileReference; explicitFileType = wrapper.application; includeInIndex = 0; path = instagram.app; sourceTree = BUILT_PRODUCTS_DIR; };
		5B71D9452400874B00095D31 /* AppDelegate.swift */ = {isa = PBXFileReference; lastKnownFileType = sourcecode.swift; path = AppDelegate.swift; sourceTree = "<group>"; };
		5B71D9472400874B00095D31 /* SceneDelegate.swift */ = {isa = PBXFileReference; lastKnownFileType = sourcecode.swift; path = SceneDelegate.swift; sourceTree = "<group>"; };
		5B71D94C2400874B00095D31 /* Base */ = {isa = PBXFileReference; lastKnownFileType = file.storyboard; name = Base; path = Base.lproj/Main.storyboard; sourceTree = "<group>"; };
		5B71D94E2400874C00095D31 /* Assets.xcassets */ = {isa = PBXFileReference; lastKnownFileType = folder.assetcatalog; path = Assets.xcassets; sourceTree = "<group>"; };
		5B71D9512400874C00095D31 /* Base */ = {isa = PBXFileReference; lastKnownFileType = file.storyboard; name = Base; path = Base.lproj/LaunchScreen.storyboard; sourceTree = "<group>"; };
		5B71D9532400874C00095D31 /* Info.plist */ = {isa = PBXFileReference; lastKnownFileType = text.plist.xml; path = Info.plist; sourceTree = "<group>"; };
		5B71D95C24008B1D00095D31 /* LoginVC.swift */ = {isa = PBXFileReference; lastKnownFileType = sourcecode.swift; path = LoginVC.swift; sourceTree = "<group>"; };
		5B71D95F240094EC00095D31 /* Extensions.swift */ = {isa = PBXFileReference; lastKnownFileType = sourcecode.swift; path = Extensions.swift; sourceTree = "<group>"; };
		5B7BA039242A75AA00F8D7DD /* User.swift */ = {isa = PBXFileReference; lastKnownFileType = sourcecode.swift; path = User.swift; sourceTree = "<group>"; };
		5B7BA03C242A965D00F8D7DD /* SearchTableViewCell.swift */ = {isa = PBXFileReference; lastKnownFileType = sourcecode.swift; path = SearchTableViewCell.swift; sourceTree = "<group>"; };
		5BC93CF52407FBEF00967F73 /* MainTabVC.swift */ = {isa = PBXFileReference; lastKnownFileType = sourcecode.swift; path = MainTabVC.swift; sourceTree = "<group>"; };
		5BC93CF72407FC2800967F73 /* FeedVC.swift */ = {isa = PBXFileReference; lastKnownFileType = sourcecode.swift; path = FeedVC.swift; sourceTree = "<group>"; };
		5BC93CF92407FC5400967F73 /* SearchVC.swift */ = {isa = PBXFileReference; lastKnownFileType = sourcecode.swift; path = SearchVC.swift; sourceTree = "<group>"; };
		5BC93CFB2407FC7500967F73 /* UploadPostVC.swift */ = {isa = PBXFileReference; lastKnownFileType = sourcecode.swift; path = UploadPostVC.swift; sourceTree = "<group>"; };
		5BC93CFD2407FCC100967F73 /* NotificationVC.swift */ = {isa = PBXFileReference; lastKnownFileType = sourcecode.swift; path = NotificationVC.swift; sourceTree = "<group>"; };
		5BC93CFF2407FCE600967F73 /* UserProfileVC.swift */ = {isa = PBXFileReference; lastKnownFileType = sourcecode.swift; path = UserProfileVC.swift; sourceTree = "<group>"; };
/* End PBXFileReference section */

/* Begin PBXFrameworksBuildPhase section */
		5B71D93F2400874B00095D31 /* Frameworks */ = {
			isa = PBXFrameworksBuildPhase;
			buildActionMask = 2147483647;
			files = (
				A62B7E045B12AF8416D86596 /* Pods_instagram.framework in Frameworks */,
			);
			runOnlyForDeploymentPostprocessing = 0;
		};
/* End PBXFrameworksBuildPhase section */

/* Begin PBXGroup section */
		49848486C9DE29A2D7DC2313 /* Pods */ = {
			isa = PBXGroup;
			children = (
				23F3EDB7902110A4B925780B /* Pods-instagram.debug.xcconfig */,
				3BA4DFFA5A39A4F4345D83F2 /* Pods-instagram.release.xcconfig */,
			);
			path = Pods;
			sourceTree = "<group>";
		};
		5B71D9392400874B00095D31 = {
			isa = PBXGroup;
			children = (
				5B71D9442400874B00095D31 /* instagram */,
				5B71D9432400874B00095D31 /* Products */,
				49848486C9DE29A2D7DC2313 /* Pods */,
				F4B68692EB21E6FD842E71D7 /* Frameworks */,
			);
			sourceTree = "<group>";
		};
		5B71D9432400874B00095D31 /* Products */ = {
			isa = PBXGroup;
			children = (
				5B71D9422400874B00095D31 /* instagram.app */,
			);
			name = Products;
			sourceTree = "<group>";
		};
		5B71D9442400874B00095D31 /* instagram */ = {
			isa = PBXGroup;
			children = (
				5B71D95E240094D800095D31 /* Utils */,
				5B71D95B2400879100095D31 /* model */,
				5B71D95A2400878800095D31 /* view */,
				5B71D9592400877600095D31 /* controller */,
				5B71D9452400874B00095D31 /* AppDelegate.swift */,
				5B71D9472400874B00095D31 /* SceneDelegate.swift */,
				5B71D94B2400874B00095D31 /* Main.storyboard */,
				5B71D94E2400874C00095D31 /* Assets.xcassets */,
				5B5176002405FC26009CDAC2 /* GoogleService-Info.plist */,
				5B71D9502400874C00095D31 /* LaunchScreen.storyboard */,
				5B71D9532400874C00095D31 /* Info.plist */,
			);
			path = instagram;
			sourceTree = "<group>";
		};
		5B71D9592400877600095D31 /* controller */ = {
			isa = PBXGroup;
			children = (
				5B7BA03B242A8B9200F8D7DD /* Search */,
				5B71D95C24008B1D00095D31 /* LoginVC.swift */,
				5B6A55512401569200A19AD4 /* SignupVC.swift */,
				5BC93CF52407FBEF00967F73 /* MainTabVC.swift */,
				5BC93CF72407FC2800967F73 /* FeedVC.swift */,
				5BC93CFB2407FC7500967F73 /* UploadPostVC.swift */,
				5BC93CFD2407FCC100967F73 /* NotificationVC.swift */,
				5BC93CFF2407FCE600967F73 /* UserProfileVC.swift */,
			);
			path = controller;
			sourceTree = "<group>";
		};
		5B71D95A2400878800095D31 /* view */ = {
			isa = PBXGroup;
			children = (
				5B1F48232424FF8700609939 /* UserProfileHeader.swift */,
				5B7BA03C242A965D00F8D7DD /* SearchTableViewCell.swift */,
			);
			path = view;
			sourceTree = "<group>";
		};
		5B71D95B2400879100095D31 /* model */ = {
			isa = PBXGroup;
			children = (
				5B7BA039242A75AA00F8D7DD /* User.swift */,
			);
			path = model;
			sourceTree = "<group>";
		};
		5B71D95E240094D800095D31 /* Utils */ = {
			isa = PBXGroup;
			children = (
				5B71D95F240094EC00095D31 /* Extensions.swift */,
			);
			path = Utils;
			sourceTree = "<group>";
		};
		5B7BA03B242A8B9200F8D7DD /* Search */ = {
			isa = PBXGroup;
			children = (
				5BC93CF92407FC5400967F73 /* SearchVC.swift */,
			);
			path = Search;
			sourceTree = "<group>";
		};
		F4B68692EB21E6FD842E71D7 /* Frameworks */ = {
			isa = PBXGroup;
			children = (
				480E1573A1AE50303D92E22D /* Pods_instagram.framework */,
			);
			name = Frameworks;
			sourceTree = "<group>";
		};
/* End PBXGroup section */

/* Begin PBXNativeTarget section */
		5B71D9412400874B00095D31 /* instagram */ = {
			isa = PBXNativeTarget;
			buildConfigurationList = 5B71D9562400874C00095D31 /* Build configuration list for PBXNativeTarget "instagram" */;
			buildPhases = (
				A0955AEBB37527E1414A6653 /* [CP] Check Pods Manifest.lock */,
				5B71D93E2400874B00095D31 /* Sources */,
				5B71D93F2400874B00095D31 /* Frameworks */,
				5B71D9402400874B00095D31 /* Resources */,
				E5E58C4E18F38D909A0D6252 /* [CP] Embed Pods Frameworks */,
			);
			buildRules = (
			);
			dependencies = (
			);
			name = instagram;
			productName = instagram;
			productReference = 5B71D9422400874B00095D31 /* instagram.app */;
			productType = "com.apple.product-type.application";
		};
/* End PBXNativeTarget section */

/* Begin PBXProject section */
		5B71D93A2400874B00095D31 /* Project object */ = {
			isa = PBXProject;
			attributes = {
				LastSwiftUpdateCheck = 1130;
				LastUpgradeCheck = 1130;
				ORGANIZATIONNAME = surinder;
				TargetAttributes = {
					5B71D9412400874B00095D31 = {
						CreatedOnToolsVersion = 11.3.1;
					};
				};
			};
			buildConfigurationList = 5B71D93D2400874B00095D31 /* Build configuration list for PBXProject "instagram" */;
			compatibilityVersion = "Xcode 9.3";
			developmentRegion = en;
			hasScannedForEncodings = 0;
			knownRegions = (
				en,
				Base,
			);
			mainGroup = 5B71D9392400874B00095D31;
			productRefGroup = 5B71D9432400874B00095D31 /* Products */;
			projectDirPath = "";
			projectRoot = "";
			targets = (
				5B71D9412400874B00095D31 /* instagram */,
			);
		};
/* End PBXProject section */

/* Begin PBXResourcesBuildPhase section */
		5B71D9402400874B00095D31 /* Resources */ = {
			isa = PBXResourcesBuildPhase;
			buildActionMask = 2147483647;
			files = (
				5B71D9522400874C00095D31 /* LaunchScreen.storyboard in Resources */,
				5B71D94F2400874C00095D31 /* Assets.xcassets in Resources */,
				5B5176012405FC26009CDAC2 /* GoogleService-Info.plist in Resources */,
				5B71D94D2400874B00095D31 /* Main.storyboard in Resources */,
			);
			runOnlyForDeploymentPostprocessing = 0;
		};
/* End PBXResourcesBuildPhase section */

/* Begin PBXShellScriptBuildPhase section */
		A0955AEBB37527E1414A6653 /* [CP] Check Pods Manifest.lock */ = {
			isa = PBXShellScriptBuildPhase;
			buildActionMask = 2147483647;
			files = (
			);
			inputFileListPaths = (
			);
			inputPaths = (
				"${PODS_PODFILE_DIR_PATH}/Podfile.lock",
				"${PODS_ROOT}/Manifest.lock",
			);
			name = "[CP] Check Pods Manifest.lock";
			outputFileListPaths = (
			);
			outputPaths = (
				"$(DERIVED_FILE_DIR)/Pods-instagram-checkManifestLockResult.txt",
			);
			runOnlyForDeploymentPostprocessing = 0;
			shellPath = /bin/sh;
			shellScript = "diff \"${PODS_PODFILE_DIR_PATH}/Podfile.lock\" \"${PODS_ROOT}/Manifest.lock\" > /dev/null\nif [ $? != 0 ] ; then\n    # print error to STDERR\n    echo \"error: The sandbox is not in sync with the Podfile.lock. Run 'pod install' or update your CocoaPods installation.\" >&2\n    exit 1\nfi\n# This output is used by Xcode 'outputs' to avoid re-running this script phase.\necho \"SUCCESS\" > \"${SCRIPT_OUTPUT_FILE_0}\"\n";
			showEnvVarsInLog = 0;
		};
		E5E58C4E18F38D909A0D6252 /* [CP] Embed Pods Frameworks */ = {
			isa = PBXShellScriptBuildPhase;
			buildActionMask = 2147483647;
			files = (
			);
			inputFileListPaths = (
				"${PODS_ROOT}/Target Support Files/Pods-instagram/Pods-instagram-frameworks-${CONFIGURATION}-input-files.xcfilelist",
			);
			name = "[CP] Embed Pods Frameworks";
			outputFileListPaths = (
				"${PODS_ROOT}/Target Support Files/Pods-instagram/Pods-instagram-frameworks-${CONFIGURATION}-output-files.xcfilelist",
			);
			runOnlyForDeploymentPostprocessing = 0;
			shellPath = /bin/sh;
			shellScript = "\"${PODS_ROOT}/Target Support Files/Pods-instagram/Pods-instagram-frameworks.sh\"\n";
			showEnvVarsInLog = 0;
		};
/* End PBXShellScriptBuildPhase section */

/* Begin PBXSourcesBuildPhase section */
		5B71D93E2400874B00095D31 /* Sources */ = {
			isa = PBXSourcesBuildPhase;
			buildActionMask = 2147483647;
			files = (
				5B7BA03A242A75AA00F8D7DD /* User.swift in Sources */,
				5BC93CFC2407FC7500967F73 /* UploadPostVC.swift in Sources */,
				5BC93CFE2407FCC100967F73 /* NotificationVC.swift in Sources */,
				5BC93CFA2407FC5400967F73 /* SearchVC.swift in Sources */,
				5B1F48242424FF8700609939 /* UserProfileHeader.swift in Sources */,
				5BC93D002407FCE600967F73 /* UserProfileVC.swift in Sources */,
				5B71D9462400874B00095D31 /* AppDelegate.swift in Sources */,
				5BC93CF82407FC2800967F73 /* FeedVC.swift in Sources */,
				5BC93CF62407FBEF00967F73 /* MainTabVC.swift in Sources */,
				5B6A55522401569200A19AD4 /* SignupVC.swift in Sources */,
				5B71D9482400874B00095D31 /* SceneDelegate.swift in Sources */,
				5B71D95D24008B1D00095D31 /* LoginVC.swift in Sources */,
				5B71D960240094EC00095D31 /* Extensions.swift in Sources */,
				5B7BA03D242A965D00F8D7DD /* SearchTableViewCell.swift in Sources */,
			);
			runOnlyForDeploymentPostprocessing = 0;
		};
/* End PBXSourcesBuildPhase section */

/* Begin PBXVariantGroup section */
		5B71D94B2400874B00095D31 /* Main.storyboard */ = {
			isa = PBXVariantGroup;
			children = (
				5B71D94C2400874B00095D31 /* Base */,
			);
			name = Main.storyboard;
			sourceTree = "<group>";
		};
		5B71D9502400874C00095D31 /* LaunchScreen.storyboard */ = {
			isa = PBXVariantGroup;
			children = (
				5B71D9512400874C00095D31 /* Base */,
			);
			name = LaunchScreen.storyboard;
			sourceTree = "<group>";
		};
/* End PBXVariantGroup section */

/* Begin XCBuildConfiguration section */
		5B71D9542400874C00095D31 /* Debug */ = {
			isa = XCBuildConfiguration;
			buildSettings = {
				ALWAYS_SEARCH_USER_PATHS = NO;
				CLANG_ANALYZER_NONNULL = YES;
				CLANG_ANALYZER_NUMBER_OBJECT_CONVERSION = YES_AGGRESSIVE;
				CLANG_CXX_LANGUAGE_STANDARD = "gnu++14";
				CLANG_CXX_LIBRARY = "libc++";
				CLANG_ENABLE_MODULES = YES;
				CLANG_ENABLE_OBJC_ARC = YES;
				CLANG_ENABLE_OBJC_WEAK = YES;
				CLANG_WARN_BLOCK_CAPTURE_AUTORELEASING = YES;
				CLANG_WARN_BOOL_CONVERSION = YES;
				CLANG_WARN_COMMA = YES;
				CLANG_WARN_CONSTANT_CONVERSION = YES;
				CLANG_WARN_DEPRECATED_OBJC_IMPLEMENTATIONS = YES;
				CLANG_WARN_DIRECT_OBJC_ISA_USAGE = YES_ERROR;
				CLANG_WARN_DOCUMENTATION_COMMENTS = YES;
				CLANG_WARN_EMPTY_BODY = YES;
				CLANG_WARN_ENUM_CONVERSION = YES;
				CLANG_WARN_INFINITE_RECURSION = YES;
				CLANG_WARN_INT_CONVERSION = YES;
				CLANG_WARN_NON_LITERAL_NULL_CONVERSION = YES;
				CLANG_WARN_OBJC_IMPLICIT_RETAIN_SELF = YES;
				CLANG_WARN_OBJC_LITERAL_CONVERSION = YES;
				CLANG_WARN_OBJC_ROOT_CLASS = YES_ERROR;
				CLANG_WARN_RANGE_LOOP_ANALYSIS = YES;
				CLANG_WARN_STRICT_PROTOTYPES = YES;
				CLANG_WARN_SUSPICIOUS_MOVE = YES;
				CLANG_WARN_UNGUARDED_AVAILABILITY = YES_AGGRESSIVE;
				CLANG_WARN_UNREACHABLE_CODE = YES;
				CLANG_WARN__DUPLICATE_METHOD_MATCH = YES;
				COPY_PHASE_STRIP = NO;
				DEBUG_INFORMATION_FORMAT = dwarf;
				ENABLE_STRICT_OBJC_MSGSEND = YES;
				ENABLE_TESTABILITY = YES;
				GCC_C_LANGUAGE_STANDARD = gnu11;
				GCC_DYNAMIC_NO_PIC = NO;
				GCC_NO_COMMON_BLOCKS = YES;
				GCC_OPTIMIZATION_LEVEL = 0;
				GCC_PREPROCESSOR_DEFINITIONS = (
					"DEBUG=1",
					"$(inherited)",
				);
				GCC_WARN_64_TO_32_BIT_CONVERSION = YES;
				GCC_WARN_ABOUT_RETURN_TYPE = YES_ERROR;
				GCC_WARN_UNDECLARED_SELECTOR = YES;
				GCC_WARN_UNINITIALIZED_AUTOS = YES_AGGRESSIVE;
				GCC_WARN_UNUSED_FUNCTION = YES;
				GCC_WARN_UNUSED_VARIABLE = YES;
				IPHONEOS_DEPLOYMENT_TARGET = 13.2;
				MTL_ENABLE_DEBUG_INFO = INCLUDE_SOURCE;
				MTL_FAST_MATH = YES;
				ONLY_ACTIVE_ARCH = YES;
				SDKROOT = iphoneos;
				SWIFT_ACTIVE_COMPILATION_CONDITIONS = DEBUG;
				SWIFT_OPTIMIZATION_LEVEL = "-Onone";
			};
			name = Debug;
		};
		5B71D9552400874C00095D31 /* Release */ = {
			isa = XCBuildConfiguration;
			buildSettings = {
				ALWAYS_SEARCH_USER_PATHS = NO;
				CLANG_ANALYZER_NONNULL = YES;
				CLANG_ANALYZER_NUMBER_OBJECT_CONVERSION = YES_AGGRESSIVE;
				CLANG_CXX_LANGUAGE_STANDARD = "gnu++14";
				CLANG_CXX_LIBRARY = "libc++";
				CLANG_ENABLE_MODULES = YES;
				CLANG_ENABLE_OBJC_ARC = YES;
				CLANG_ENABLE_OBJC_WEAK = YES;
				CLANG_WARN_BLOCK_CAPTURE_AUTORELEASING = YES;
				CLANG_WARN_BOOL_CONVERSION = YES;
				CLANG_WARN_COMMA = YES;
				CLANG_WARN_CONSTANT_CONVERSION = YES;
				CLANG_WARN_DEPRECATED_OBJC_IMPLEMENTATIONS = YES;
				CLANG_WARN_DIRECT_OBJC_ISA_USAGE = YES_ERROR;
				CLANG_WARN_DOCUMENTATION_COMMENTS = YES;
				CLANG_WARN_EMPTY_BODY = YES;
				CLANG_WARN_ENUM_CONVERSION = YES;
				CLANG_WARN_INFINITE_RECURSION = YES;
				CLANG_WARN_INT_CONVERSION = YES;
				CLANG_WARN_NON_LITERAL_NULL_CONVERSION = YES;
				CLANG_WARN_OBJC_IMPLICIT_RETAIN_SELF = YES;
				CLANG_WARN_OBJC_LITERAL_CONVERSION = YES;
				CLANG_WARN_OBJC_ROOT_CLASS = YES_ERROR;
				CLANG_WARN_RANGE_LOOP_ANALYSIS = YES;
				CLANG_WARN_STRICT_PROTOTYPES = YES;
				CLANG_WARN_SUSPICIOUS_MOVE = YES;
				CLANG_WARN_UNGUARDED_AVAILABILITY = YES_AGGRESSIVE;
				CLANG_WARN_UNREACHABLE_CODE = YES;
				CLANG_WARN__DUPLICATE_METHOD_MATCH = YES;
				COPY_PHASE_STRIP = NO;
				DEBUG_INFORMATION_FORMAT = "dwarf-with-dsym";
				ENABLE_NS_ASSERTIONS = NO;
				ENABLE_STRICT_OBJC_MSGSEND = YES;
				GCC_C_LANGUAGE_STANDARD = gnu11;
				GCC_NO_COMMON_BLOCKS = YES;
				GCC_WARN_64_TO_32_BIT_CONVERSION = YES;
				GCC_WARN_ABOUT_RETURN_TYPE = YES_ERROR;
				GCC_WARN_UNDECLARED_SELECTOR = YES;
				GCC_WARN_UNINITIALIZED_AUTOS = YES_AGGRESSIVE;
				GCC_WARN_UNUSED_FUNCTION = YES;
				GCC_WARN_UNUSED_VARIABLE = YES;
				IPHONEOS_DEPLOYMENT_TARGET = 13.2;
				MTL_ENABLE_DEBUG_INFO = NO;
				MTL_FAST_MATH = YES;
				SDKROOT = iphoneos;
				SWIFT_COMPILATION_MODE = wholemodule;
				SWIFT_OPTIMIZATION_LEVEL = "-O";
				VALIDATE_PRODUCT = YES;
			};
			name = Release;
		};
		5B71D9572400874C00095D31 /* Debug */ = {
			isa = XCBuildConfiguration;
			baseConfigurationReference = 23F3EDB7902110A4B925780B /* Pods-instagram.debug.xcconfig */;
			buildSettings = {
				ASSETCATALOG_COMPILER_APPICON_NAME = AppIcon;
				CODE_SIGN_STYLE = Automatic;
				DEVELOPMENT_TEAM = 48FS244S9H;
				INFOPLIST_FILE = instagram/Info.plist;
				LD_RUNPATH_SEARCH_PATHS = (
					"$(inherited)",
					"@executable_path/Frameworks",
				);
				PRODUCT_BUNDLE_IDENTIFIER = surindersidhu.com.instagram;
				PRODUCT_NAME = "$(TARGET_NAME)";
				SWIFT_VERSION = 5.0;
				TARGETED_DEVICE_FAMILY = "1,2";
			};
			name = Debug;
		};
		5B71D9582400874C00095D31 /* Release */ = {
			isa = XCBuildConfiguration;
			baseConfigurationReference = 3BA4DFFA5A39A4F4345D83F2 /* Pods-instagram.release.xcconfig */;
			buildSettings = {
				ASSETCATALOG_COMPILER_APPICON_NAME = AppIcon;
				CODE_SIGN_STYLE = Automatic;
				DEVELOPMENT_TEAM = 48FS244S9H;
				INFOPLIST_FILE = instagram/Info.plist;
				LD_RUNPATH_SEARCH_PATHS = (
					"$(inherited)",
					"@executable_path/Frameworks",
				);
				PRODUCT_BUNDLE_IDENTIFIER = surindersidhu.com.instagram;
				PRODUCT_NAME = "$(TARGET_NAME)";
				SWIFT_VERSION = 5.0;
				TARGETED_DEVICE_FAMILY = "1,2";
			};
			name = Release;
		};
/* End XCBuildConfiguration section */

/* Begin XCConfigurationList section */
		5B71D93D2400874B00095D31 /* Build configuration list for PBXProject "instagram" */ = {
			isa = XCConfigurationList;
			buildConfigurations = (
				5B71D9542400874C00095D31 /* Debug */,
				5B71D9552400874C00095D31 /* Release */,
			);
			defaultConfigurationIsVisible = 0;
			defaultConfigurationName = Release;
		};
		5B71D9562400874C00095D31 /* Build configuration list for PBXNativeTarget "instagram" */ = {
			isa = XCConfigurationList;
			buildConfigurations = (
				5B71D9572400874C00095D31 /* Debug */,
				5B71D9582400874C00095D31 /* Release */,
			);
			defaultConfigurationIsVisible = 0;
			defaultConfigurationName = Release;
		};
/* End XCConfigurationList section */
	};
	rootObject = 5B71D93A2400874B00095D31 /* Project object */;
}
